// !$*UTF8*$!
{
	archiveVersion = 1;
	classes = {
	};
	objectVersion = 46;
	objects = {

/* Begin PBXBuildFile section */
		C0C76B731E232C4200906775 /* AppDelegate.swift in Sources */ = {isa = PBXBuildFile; fileRef = C0C76B721E232C4200906775 /* AppDelegate.swift */; };
		C0C76B751E232C4200906775 /* RootViewController.swift in Sources */ = {isa = PBXBuildFile; fileRef = C0C76B741E232C4200906775 /* RootViewController.swift */; };
		C0C76B781E232C4200906775 /* Main.storyboard in Resources */ = {isa = PBXBuildFile; fileRef = C0C76B761E232C4200906775 /* Main.storyboard */; };
		C0C76B7A1E232C4200906775 /* Assets.xcassets in Resources */ = {isa = PBXBuildFile; fileRef = C0C76B791E232C4200906775 /* Assets.xcassets */; };
		C0C76B7D1E232C4200906775 /* LaunchScreen.storyboard in Resources */ = {isa = PBXBuildFile; fileRef = C0C76B7B1E232C4200906775 /* LaunchScreen.storyboard */; };
		C0C76B861E2335C900906775 /* ImageViewController.swift in Sources */ = {isa = PBXBuildFile; fileRef = C0C76B851E2335C900906775 /* ImageViewController.swift */; };
/* End PBXBuildFile section */

/* Begin PBXFileReference section */
		C0C76B6F1E232C4200906775 /* FoodViewer.app */ = {isa = PBXFileReference; explicitFileType = wrapper.application; includeInIndex = 0; path = FoodViewer.app; sourceTree = BUILT_PRODUCTS_DIR; };
		C0C76B721E232C4200906775 /* AppDelegate.swift */ = {isa = PBXFileReference; lastKnownFileType = sourcecode.swift; path = AppDelegate.swift; sourceTree = "<group>"; };
		C0C76B741E232C4200906775 /* RootViewController.swift */ = {isa = PBXFileReference; lastKnownFileType = sourcecode.swift; path = RootViewController.swift; sourceTree = "<group>"; };
		C0C76B771E232C4200906775 /* Base */ = {isa = PBXFileReference; lastKnownFileType = file.storyboard; name = Base; path = Base.lproj/Main.storyboard; sourceTree = "<group>"; };
		C0C76B791E232C4200906775 /* Assets.xcassets */ = {isa = PBXFileReference; lastKnownFileType = folder.assetcatalog; path = Assets.xcassets; sourceTree = "<group>"; };
		C0C76B7C1E232C4200906775 /* Base */ = {isa = PBXFileReference; lastKnownFileType = file.storyboard; name = Base; path = Base.lproj/LaunchScreen.storyboard; sourceTree = "<group>"; };
		C0C76B7E1E232C4200906775 /* Info.plist */ = {isa = PBXFileReference; lastKnownFileType = text.plist.xml; path = Info.plist; sourceTree = "<group>"; };
		C0C76B851E2335C900906775 /* ImageViewController.swift */ = {isa = PBXFileReference; fileEncoding = 4; lastKnownFileType = sourcecode.swift; path = ImageViewController.swift; sourceTree = "<group>"; };
/* End PBXFileReference section */

/* Begin PBXFrameworksBuildPhase section */
		C0C76B6C1E232C4200906775 /* Frameworks */ = {
			isa = PBXFrameworksBuildPhase;
			buildActionMask = 2147483647;
			files = (
			);
			runOnlyForDeploymentPostprocessing = 0;
		};
/* End PBXFrameworksBuildPhase section */

/* Begin PBXGroup section */
		C0C76B661E232C4200906775 = {
			isa = PBXGroup;
			children = (
				C0C76B711E232C4200906775 /* FoodViewer */,
				C0C76B701E232C4200906775 /* Products */,
			);
			sourceTree = "<group>";
		};
		C0C76B701E232C4200906775 /* Products */ = {
			isa = PBXGroup;
			children = (
				C0C76B6F1E232C4200906775 /* FoodViewer.app */,
			);
			name = Products;
			sourceTree = "<group>";
		};
		C0C76B711E232C4200906775 /* FoodViewer */ = {
			isa = PBXGroup;
			children = (
				C0C76B741E232C4200906775 /* RootViewController.swift */,
				C0C76B851E2335C900906775 /* ImageViewController.swift */,
				C0C76B761E232C4200906775 /* Main.storyboard */,
				C0C76B841E232CE700906775 /* SupportingFiles */,
			);
			path = FoodViewer;
			sourceTree = "<group>";
		};
		C0C76B841E232CE700906775 /* SupportingFiles */ = {
			isa = PBXGroup;
			children = (
				C0C76B791E232C4200906775 /* Assets.xcassets */,
				C0C76B721E232C4200906775 /* AppDelegate.swift */,
				C0C76B7B1E232C4200906775 /* LaunchScreen.storyboard */,
				C0C76B7E1E232C4200906775 /* Info.plist */,
			);
			name = SupportingFiles;
			sourceTree = "<group>";
		};
/* End PBXGroup section */

/* Begin PBXNativeTarget section */
		C0C76B6E1E232C4200906775 /* FoodViewer */ = {
			isa = PBXNativeTarget;
			buildConfigurationList = C0C76B811E232C4200906775 /* Build configuration list for PBXNativeTarget "FoodViewer" */;
			buildPhases = (
				C0C76B6B1E232C4200906775 /* Sources */,
				C0C76B6C1E232C4200906775 /* Frameworks */,
				C0C76B6D1E232C4200906775 /* Resources */,
			);
			buildRules = (
			);
			dependencies = (
			);
			name = FoodViewer;
			productName = FoodViewer;
			productReference = C0C76B6F1E232C4200906775 /* FoodViewer.app */;
			productType = "com.apple.product-type.application";
		};
/* End PBXNativeTarget section */

/* Begin PBXProject section */
		C0C76B671E232C4200906775 /* Project object */ = {
			isa = PBXProject;
			attributes = {
				LastSwiftUpdateCheck = 0820;
				LastUpgradeCheck = 0820;
				ORGANIZATIONNAME = "Seow Yung Hoe";
				TargetAttributes = {
					C0C76B6E1E232C4200906775 = {
						CreatedOnToolsVersion = 8.2.1;
						ProvisioningStyle = Automatic;
					};
				};
			};
			buildConfigurationList = C0C76B6A1E232C4200906775 /* Build configuration list for PBXProject "FoodViewer" */;
			compatibilityVersion = "Xcode 3.2";
			developmentRegion = English;
			hasScannedForEncodings = 0;
			knownRegions = (
				en,
				Base,
			);
			mainGroup = C0C76B661E232C4200906775;
			productRefGroup = C0C76B701E232C4200906775 /* Products */;
			projectDirPath = "";
			projectRoot = "";
			targets = (
				C0C76B6E1E232C4200906775 /* FoodViewer */,
			);
		};
/* End PBXProject section */

/* Begin PBXResourcesBuildPhase section */
		C0C76B6D1E232C4200906775 /* Resources */ = {
			isa = PBXResourcesBuildPhase;
			buildActionMask = 2147483647;
			files = (
				C0C76B7D1E232C4200906775 /* LaunchScreen.storyboard in Resources */,
				C0C76B7A1E232C4200906775 /* Assets.xcassets in Resources */,
				C0C76B781E232C4200906775 /* Main.storyboard in Resources */,
			);
			runOnlyForDeploymentPostprocessing = 0;
		};
/* End PBXResourcesBuildPhase section */

/* Begin PBXSourcesBuildPhase section */
		C0C76B6B1E232C4200906775 /* Sources */ = {
			isa = PBXSourcesBuildPhase;
			buildActionMask = 2147483647;
			files = (
				C0C76B751E232C4200906775 /* RootViewController.swift in Sources */,
				C0C76B861E2335C900906775 /* ImageViewController.swift in Sources */,
				C0C76B731E232C4200906775 /* AppDelegate.swift in Sources */,
			);
			runOnlyForDeploymentPostprocessing = 0;
		};
/* End PBXSourcesBuildPhase section */

/* Begin PBXVariantGroup section */
		C0C76B761E232C4200906775 /* Main.storyboard */ = {
			isa = PBXVariantGroup;
			children = (
				C0C76B771E232C4200906775 /* Base */,
			);
			name = Main.storyboard;
			sourceTree = "<group>";
		};
		C0C76B7B1E232C4200906775 /* LaunchScreen.storyboard */ = {
			isa = PBXVariantGroup;
			children = (
				C0C76B7C1E232C4200906775 /* Base */,
			);
			name = LaunchScreen.storyboard;
			sourceTree = "<group>";
		};
/* End PBXVariantGroup section */

/* Begin XCBuildConfiguration section */
		C0C76B7F1E232C4200906775 /* Debug */ = {
			isa = XCBuildConfiguration;
			buildSettings = {
				ALWAYS_SEARCH_USER_PATHS = NO;
				CLANG_ANALYZER_NONNULL = YES;
				CLANG_CXX_LANGUAGE_STANDARD = "gnu++0x";
				CLANG_CXX_LIBRARY = "libc++";
				CLANG_ENABLE_MODULES = YES;
				CLANG_ENABLE_OBJC_ARC = YES;
				CLANG_WARN_BOOL_CONVERSION = YES;
				CLANG_WARN_CONSTANT_CONVERSION = YES;
				CLANG_WARN_DIRECT_OBJC_ISA_USAGE = YES_ERROR;
				CLANG_WARN_DOCUMENTATION_COMMENTS = YES;
				CLANG_WARN_EMPTY_BODY = YES;
				CLANG_WARN_ENUM_CONVERSION = YES;
				CLANG_WARN_INFINITE_RECURSION = YES;
				CLANG_WARN_INT_CONVERSION = YES;
				CLANG_WARN_OBJC_ROOT_CLASS = YES_ERROR;
				CLANG_WARN_SUSPICIOUS_MOVE = YES;
				CLANG_WARN_UNREACHABLE_CODE = YES;
				CLANG_WARN__DUPLICATE_METHOD_MATCH = YES;
				"CODE_SIGN_IDENTITY[sdk=iphoneos*]" = "iPhone Developer";
				COPY_PHASE_STRIP = NO;
				DEBUG_INFORMATION_FORMAT = dwarf;
				ENABLE_STRICT_OBJC_MSGSEND = YES;
				ENABLE_TESTABILITY = YES;
				GCC_C_LANGUAGE_STANDARD = gnu99;
				GCC_DYNAMIC_NO_PIC = NO;
				GCC_NO_COMMON_BLOCKS = YES;
				GCC_OPTIMIZATION_LEVEL = 0;
				GCC_PREPROCESSOR_DEFINITIONS = (
					"DEBUG=1",
					"$(inherited)",
				);
				GCC_WARN_64_TO_32_BIT_CONVERSION = YES;
				GCC_WARN_ABOUT_RETURN_TYPE = YES_ERROR;
				GCC_WARN_UNDECLARED_SELECTOR = YES;
				GCC_WARN_UNINITIALIZED_AUTOS = YES_AGGRESSIVE;
				GCC_WARN_UNUSED_FUNCTION = YES;
				GCC_WARN_UNUSED_VARIABLE = YES;
				IPHONEOS_DEPLOYMENT_TARGET = 10.2;
				MTL_ENABLE_DEBUG_INFO = YES;
				ONLY_ACTIVE_ARCH = YES;
				SDKROOT = iphoneos;
				SWIFT_ACTIVE_COMPILATION_CONDITIONS = DEBUG;
				SWIFT_OPTIMIZATION_LEVEL = "-Onone";
			};
			name = Debug;
		};
		C0C76B801E232C4200906775 /* Release */ = {
			isa = XCBuildConfiguration;
			buildSettings = {
				ALWAYS_SEARCH_USER_PATHS = NO;
				CLANG_ANALYZER_NONNULL = YES;
				CLANG_CXX_LANGUAGE_STANDARD = "gnu++0x";
				CLANG_CXX_LIBRARY = "libc++";
				CLANG_ENABLE_MODULES = YES;
				CLANG_ENABLE_OBJC_ARC = YES;
				CLANG_WARN_BOOL_CONVERSION = YES;
				CLANG_WARN_CONSTANT_CONVERSION = YES;
				CLANG_WARN_DIRECT_OBJC_ISA_USAGE = YES_ERROR;
				CLANG_WARN_DOCUMENTATION_COMMENTS = YES;
				CLANG_WARN_EMPTY_BODY = YES;
				CLANG_WARN_ENUM_CONVERSION = YES;
				CLANG_WARN_INFINITE_RECURSION = YES;
				CLANG_WARN_INT_CONVERSION = YES;
				CLANG_WARN_OBJC_ROOT_CLASS = YES_ERROR;
				CLANG_WARN_SUSPICIOUS_MOVE = YES;
				CLANG_WARN_UNREACHABLE_CODE = YES;
				CLANG_WARN__DUPLICATE_METHOD_MATCH = YES;
				"CODE_SIGN_IDENTITY[sdk=iphoneos*]" = "iPhone Developer";
				COPY_PHASE_STRIP = NO;
				DEBUG_INFORMATION_FORMAT = "dwarf-with-dsym";
				ENABLE_NS_ASSERTIONS = NO;
				ENABLE_STRICT_OBJC_MSGSEND = YES;
				GCC_C_LANGUAGE_STANDARD = gnu99;
				GCC_NO_COMMON_BLOCKS = YES;
				GCC_WARN_64_TO_32_BIT_CONVERSION = YES;
				GCC_WARN_ABOUT_RETURN_TYPE = YES_ERROR;
				GCC_WARN_UNDECLARED_SELECTOR = YES;
				GCC_WARN_UNINITIALIZED_AUTOS = YES_AGGRESSIVE;
				GCC_WARN_UNUSED_FUNCTION = YES;
				GCC_WARN_UNUSED_VARIABLE = YES;
				IPHONEOS_DEPLOYMENT_TARGET = 10.2;
				MTL_ENABLE_DEBUG_INFO = NO;
				SDKROOT = iphoneos;
				SWIFT_OPTIMIZATION_LEVEL = "-Owholemodule";
				VALIDATE_PRODUCT = YES;
			};
			name = Release;
		};
		C0C76B821E232C4200906775 /* Debug */ = {
			isa = XCBuildConfiguration;
			buildSettings = {
				ASSETCATALOG_COMPILER_APPICON_NAME = AppIcon;
				INFOPLIST_FILE = FoodViewer/Info.plist;
				LD_RUNPATH_SEARCH_PATHS = "$(inherited) @executable_path/Frameworks";
				PRODUCT_BUNDLE_IDENTIFIER = crazy.FoodViewer;
				PRODUCT_NAME = "$(TARGET_NAME)";
				SWIFT_VERSION = 3.0;
			};
			name = Debug;
		};
		C0C76B831E232C4200906775 /* Release */ = {
			isa = XCBuildConfiguration;
			buildSettings = {
				ASSETCATALOG_COMPILER_APPICON_NAME = AppIcon;
				INFOPLIST_FILE = FoodViewer/Info.plist;
				LD_RUNPATH_SEARCH_PATHS = "$(inherited) @executable_path/Frameworks";
				PRODUCT_BUNDLE_IDENTIFIER = crazy.FoodViewer;
				PRODUCT_NAME = "$(TARGET_NAME)";
				SWIFT_VERSION = 3.0;
			};
			name = Release;
		};
/* End XCBuildConfiguration section */

/* Begin XCConfigurationList section */
		C0C76B6A1E232C4200906775 /* Build configuration list for PBXProject "FoodViewer" */ = {
			isa = XCConfigurationList;
			buildConfigurations = (
				C0C76B7F1E232C4200906775 /* Debug */,
				C0C76B801E232C4200906775 /* Release */,
			);
			defaultConfigurationIsVisible = 0;
			defaultConfigurationName = Release;
		};
		C0C76B811E232C4200906775 /* Build configuration list for PBXNativeTarget "FoodViewer" */ = {
			isa = XCConfigurationList;
			buildConfigurations = (
				C0C76B821E232C4200906775 /* Debug */,
				C0C76B831E232C4200906775 /* Release */,
			);
			defaultConfigurationIsVisible = 0;
		};
/* End XCConfigurationList section */
	};
	rootObject = C0C76B671E232C4200906775 /* Project object */;
}
