// !$*UTF8*$!
{
	archiveVersion = 1;
	classes = {
	};
	objectVersion = 46;
	objects = {

/* Begin PBXBuildFile section */
		C00472C11E1E5A88005FFCFB /* AppDelegate.swift in Sources */ = {isa = PBXBuildFile; fileRef = C00472C01E1E5A88005FFCFB /* AppDelegate.swift */; };
		C00472C31E1E5A88005FFCFB /* ViewController.swift in Sources */ = {isa = PBXBuildFile; fileRef = C00472C21E1E5A88005FFCFB /* ViewController.swift */; };
		C00472C61E1E5A88005FFCFB /* Main.storyboard in Resources */ = {isa = PBXBuildFile; fileRef = C00472C41E1E5A88005FFCFB /* Main.storyboard */; };
		C00472C81E1E5A88005FFCFB /* Assets.xcassets in Resources */ = {isa = PBXBuildFile; fileRef = C00472C71E1E5A88005FFCFB /* Assets.xcassets */; };
		C00472CB1E1E5A88005FFCFB /* LaunchScreen.storyboard in Resources */ = {isa = PBXBuildFile; fileRef = C00472C91E1E5A88005FFCFB /* LaunchScreen.storyboard */; };
		C00472D31E1E5B0E005FFCFB /* Sign.swift in Sources */ = {isa = PBXBuildFile; fileRef = C00472D21E1E5B0E005FFCFB /* Sign.swift */; };
/* End PBXBuildFile section */

/* Begin PBXFileReference section */
		C00472BD1E1E5A88005FFCFB /* RPS.app */ = {isa = PBXFileReference; explicitFileType = wrapper.application; includeInIndex = 0; path = RPS.app; sourceTree = BUILT_PRODUCTS_DIR; };
		C00472C01E1E5A88005FFCFB /* AppDelegate.swift */ = {isa = PBXFileReference; lastKnownFileType = sourcecode.swift; path = AppDelegate.swift; sourceTree = "<group>"; };
		C00472C21E1E5A88005FFCFB /* ViewController.swift */ = {isa = PBXFileReference; lastKnownFileType = sourcecode.swift; path = ViewController.swift; sourceTree = "<group>"; };
		C00472C51E1E5A88005FFCFB /* Base */ = {isa = PBXFileReference; lastKnownFileType = file.storyboard; name = Base; path = Base.lproj/Main.storyboard; sourceTree = "<group>"; };
		C00472C71E1E5A88005FFCFB /* Assets.xcassets */ = {isa = PBXFileReference; lastKnownFileType = folder.assetcatalog; path = Assets.xcassets; sourceTree = "<group>"; };
		C00472CA1E1E5A88005FFCFB /* Base */ = {isa = PBXFileReference; lastKnownFileType = file.storyboard; name = Base; path = Base.lproj/LaunchScreen.storyboard; sourceTree = "<group>"; };
		C00472CC1E1E5A88005FFCFB /* Info.plist */ = {isa = PBXFileReference; lastKnownFileType = text.plist.xml; path = Info.plist; sourceTree = "<group>"; };
		C00472D21E1E5B0E005FFCFB /* Sign.swift */ = {isa = PBXFileReference; fileEncoding = 4; lastKnownFileType = sourcecode.swift; path = Sign.swift; sourceTree = "<group>"; };
/* End PBXFileReference section */

/* Begin PBXFrameworksBuildPhase section */
		C00472BA1E1E5A88005FFCFB /* Frameworks */ = {
			isa = PBXFrameworksBuildPhase;
			buildActionMask = 2147483647;
			files = (
			);
			runOnlyForDeploymentPostprocessing = 0;
		};
/* End PBXFrameworksBuildPhase section */

/* Begin PBXGroup section */
		C00472B41E1E5A88005FFCFB = {
			isa = PBXGroup;
			children = (
				C00472BF1E1E5A88005FFCFB /* RPS */,
				C00472BE1E1E5A88005FFCFB /* Products */,
			);
			sourceTree = "<group>";
		};
		C00472BE1E1E5A88005FFCFB /* Products */ = {
			isa = PBXGroup;
			children = (
				C00472BD1E1E5A88005FFCFB /* RPS.app */,
			);
			name = Products;
			sourceTree = "<group>";
		};
		C00472BF1E1E5A88005FFCFB /* RPS */ = {
			isa = PBXGroup;
			children = (
				C00472C01E1E5A88005FFCFB /* AppDelegate.swift */,
				C00472C21E1E5A88005FFCFB /* ViewController.swift */,
				C00472C41E1E5A88005FFCFB /* Main.storyboard */,
				C00472D21E1E5B0E005FFCFB /* Sign.swift */,
				C00472C71E1E5A88005FFCFB /* Assets.xcassets */,
				C00472C91E1E5A88005FFCFB /* LaunchScreen.storyboard */,
				C00472CC1E1E5A88005FFCFB /* Info.plist */,
			);
			path = RPS;
			sourceTree = "<group>";
		};
/* End PBXGroup section */

/* Begin PBXNativeTarget section */
		C00472BC1E1E5A88005FFCFB /* RPS */ = {
			isa = PBXNativeTarget;
			buildConfigurationList = C00472CF1E1E5A88005FFCFB /* Build configuration list for PBXNativeTarget "RPS" */;
			buildPhases = (
				C00472B91E1E5A88005FFCFB /* Sources */,
				C00472BA1E1E5A88005FFCFB /* Frameworks */,
				C00472BB1E1E5A88005FFCFB /* Resources */,
			);
			buildRules = (
			);
			dependencies = (
			);
			name = RPS;
			productName = RPS;
			productReference = C00472BD1E1E5A88005FFCFB /* RPS.app */;
			productType = "com.apple.product-type.application";
		};
/* End PBXNativeTarget section */

/* Begin PBXProject section */
		C00472B51E1E5A88005FFCFB /* Project object */ = {
			isa = PBXProject;
			attributes = {
				LastSwiftUpdateCheck = 0820;
				LastUpgradeCheck = 0820;
				ORGANIZATIONNAME = "Seow Yung Hoe";
				TargetAttributes = {
					C00472BC1E1E5A88005FFCFB = {
						CreatedOnToolsVersion = 8.2.1;
						ProvisioningStyle = Automatic;
					};
				};
			};
			buildConfigurationList = C00472B81E1E5A88005FFCFB /* Build configuration list for PBXProject "RPS" */;
			compatibilityVersion = "Xcode 3.2";
			developmentRegion = English;
			hasScannedForEncodings = 0;
			knownRegions = (
				en,
				Base,
			);
			mainGroup = C00472B41E1E5A88005FFCFB;
			productRefGroup = C00472BE1E1E5A88005FFCFB /* Products */;
			projectDirPath = "";
			projectRoot = "";
			targets = (
				C00472BC1E1E5A88005FFCFB /* RPS */,
			);
		};
/* End PBXProject section */

/* Begin PBXResourcesBuildPhase section */
		C00472BB1E1E5A88005FFCFB /* Resources */ = {
			isa = PBXResourcesBuildPhase;
			buildActionMask = 2147483647;
			files = (
				C00472CB1E1E5A88005FFCFB /* LaunchScreen.storyboard in Resources */,
				C00472C81E1E5A88005FFCFB /* Assets.xcassets in Resources */,
				C00472C61E1E5A88005FFCFB /* Main.storyboard in Resources */,
			);
			runOnlyForDeploymentPostprocessing = 0;
		};
/* End PBXResourcesBuildPhase section */

/* Begin PBXSourcesBuildPhase section */
		C00472B91E1E5A88005FFCFB /* Sources */ = {
			isa = PBXSourcesBuildPhase;
			buildActionMask = 2147483647;
			files = (
				C00472C31E1E5A88005FFCFB /* ViewController.swift in Sources */,
				C00472C11E1E5A88005FFCFB /* AppDelegate.swift in Sources */,
				C00472D31E1E5B0E005FFCFB /* Sign.swift in Sources */,
			);
			runOnlyForDeploymentPostprocessing = 0;
		};
/* End PBXSourcesBuildPhase section */

/* Begin PBXVariantGroup section */
		C00472C41E1E5A88005FFCFB /* Main.storyboard */ = {
			isa = PBXVariantGroup;
			children = (
				C00472C51E1E5A88005FFCFB /* Base */,
			);
			name = Main.storyboard;
			sourceTree = "<group>";
		};
		C00472C91E1E5A88005FFCFB /* LaunchScreen.storyboard */ = {
			isa = PBXVariantGroup;
			children = (
				C00472CA1E1E5A88005FFCFB /* Base */,
			);
			name = LaunchScreen.storyboard;
			sourceTree = "<group>";
		};
/* End PBXVariantGroup section */

/* Begin XCBuildConfiguration section */
		C00472CD1E1E5A88005FFCFB /* Debug */ = {
			isa = XCBuildConfiguration;
			buildSettings = {
				ALWAYS_SEARCH_USER_PATHS = NO;
				CLANG_ANALYZER_NONNULL = YES;
				CLANG_CXX_LANGUAGE_STANDARD = "gnu++0x";
				CLANG_CXX_LIBRARY = "libc++";
				CLANG_ENABLE_MODULES = YES;
				CLANG_ENABLE_OBJC_ARC = YES;
				CLANG_WARN_BOOL_CONVERSION = YES;
				CLANG_WARN_CONSTANT_CONVERSION = YES;
				CLANG_WARN_DIRECT_OBJC_ISA_USAGE = YES_ERROR;
				CLANG_WARN_DOCUMENTATION_COMMENTS = YES;
				CLANG_WARN_EMPTY_BODY = YES;
				CLANG_WARN_ENUM_CONVERSION = YES;
				CLANG_WARN_INFINITE_RECURSION = YES;
				CLANG_WARN_INT_CONVERSION = YES;
				CLANG_WARN_OBJC_ROOT_CLASS = YES_ERROR;
				CLANG_WARN_SUSPICIOUS_MOVE = YES;
				CLANG_WARN_UNREACHABLE_CODE = YES;
				CLANG_WARN__DUPLICATE_METHOD_MATCH = YES;
				"CODE_SIGN_IDENTITY[sdk=iphoneos*]" = "iPhone Developer";
				COPY_PHASE_STRIP = NO;
				DEBUG_INFORMATION_FORMAT = dwarf;
				ENABLE_STRICT_OBJC_MSGSEND = YES;
				ENABLE_TESTABILITY = YES;
				GCC_C_LANGUAGE_STANDARD = gnu99;
				GCC_DYNAMIC_NO_PIC = NO;
				GCC_NO_COMMON_BLOCKS = YES;
				GCC_OPTIMIZATION_LEVEL = 0;
				GCC_PREPROCESSOR_DEFINITIONS = (
					"DEBUG=1",
					"$(inherited)",
				);
				GCC_WARN_64_TO_32_BIT_CONVERSION = YES;
				GCC_WARN_ABOUT_RETURN_TYPE = YES_ERROR;
				GCC_WARN_UNDECLARED_SELECTOR = YES;
				GCC_WARN_UNINITIALIZED_AUTOS = YES_AGGRESSIVE;
				GCC_WARN_UNUSED_FUNCTION = YES;
				GCC_WARN_UNUSED_VARIABLE = YES;
				IPHONEOS_DEPLOYMENT_TARGET = 10.2;
				MTL_ENABLE_DEBUG_INFO = YES;
				ONLY_ACTIVE_ARCH = YES;
				SDKROOT = iphoneos;
				SWIFT_ACTIVE_COMPILATION_CONDITIONS = DEBUG;
				SWIFT_OPTIMIZATION_LEVEL = "-Onone";
			};
			name = Debug;
		};
		C00472CE1E1E5A88005FFCFB /* Release */ = {
			isa = XCBuildConfiguration;
			buildSettings = {
				ALWAYS_SEARCH_USER_PATHS = NO;
				CLANG_ANALYZER_NONNULL = YES;
				CLANG_CXX_LANGUAGE_STANDARD = "gnu++0x";
				CLANG_CXX_LIBRARY = "libc++";
				CLANG_ENABLE_MODULES = YES;
				CLANG_ENABLE_OBJC_ARC = YES;
				CLANG_WARN_BOOL_CONVERSION = YES;
				CLANG_WARN_CONSTANT_CONVERSION = YES;
				CLANG_WARN_DIRECT_OBJC_ISA_USAGE = YES_ERROR;
				CLANG_WARN_DOCUMENTATION_COMMENTS = YES;
				CLANG_WARN_EMPTY_BODY = YES;
				CLANG_WARN_ENUM_CONVERSION = YES;
				CLANG_WARN_INFINITE_RECURSION = YES;
				CLANG_WARN_INT_CONVERSION = YES;
				CLANG_WARN_OBJC_ROOT_CLASS = YES_ERROR;
				CLANG_WARN_SUSPICIOUS_MOVE = YES;
				CLANG_WARN_UNREACHABLE_CODE = YES;
				CLANG_WARN__DUPLICATE_METHOD_MATCH = YES;
				"CODE_SIGN_IDENTITY[sdk=iphoneos*]" = "iPhone Developer";
				COPY_PHASE_STRIP = NO;
				DEBUG_INFORMATION_FORMAT = "dwarf-with-dsym";
				ENABLE_NS_ASSERTIONS = NO;
				ENABLE_STRICT_OBJC_MSGSEND = YES;
				GCC_C_LANGUAGE_STANDARD = gnu99;
				GCC_NO_COMMON_BLOCKS = YES;
				GCC_WARN_64_TO_32_BIT_CONVERSION = YES;
				GCC_WARN_ABOUT_RETURN_TYPE = YES_ERROR;
				GCC_WARN_UNDECLARED_SELECTOR = YES;
				GCC_WARN_UNINITIALIZED_AUTOS = YES_AGGRESSIVE;
				GCC_WARN_UNUSED_FUNCTION = YES;
				GCC_WARN_UNUSED_VARIABLE = YES;
				IPHONEOS_DEPLOYMENT_TARGET = 10.2;
				MTL_ENABLE_DEBUG_INFO = NO;
				SDKROOT = iphoneos;
				SWIFT_OPTIMIZATION_LEVEL = "-Owholemodule";
				VALIDATE_PRODUCT = YES;
			};
			name = Release;
		};
		C00472D01E1E5A88005FFCFB /* Debug */ = {
			isa = XCBuildConfiguration;
			buildSettings = {
				ASSETCATALOG_COMPILER_APPICON_NAME = AppIcon;
				INFOPLIST_FILE = RPS/Info.plist;
				LD_RUNPATH_SEARCH_PATHS = "$(inherited) @executable_path/Frameworks";
				PRODUCT_BUNDLE_IDENTIFIER = crazy.RPS;
				PRODUCT_NAME = "$(TARGET_NAME)";
				SWIFT_VERSION = 3.0;
			};
			name = Debug;
		};
		C00472D11E1E5A88005FFCFB /* Release */ = {
			isa = XCBuildConfiguration;
			buildSettings = {
				ASSETCATALOG_COMPILER_APPICON_NAME = AppIcon;
				INFOPLIST_FILE = RPS/Info.plist;
				LD_RUNPATH_SEARCH_PATHS = "$(inherited) @executable_path/Frameworks";
				PRODUCT_BUNDLE_IDENTIFIER = crazy.RPS;
				PRODUCT_NAME = "$(TARGET_NAME)";
				SWIFT_VERSION = 3.0;
			};
			name = Release;
		};
/* End XCBuildConfiguration section */

/* Begin XCConfigurationList section */
		C00472B81E1E5A88005FFCFB /* Build configuration list for PBXProject "RPS" */ = {
			isa = XCConfigurationList;
			buildConfigurations = (
				C00472CD1E1E5A88005FFCFB /* Debug */,
				C00472CE1E1E5A88005FFCFB /* Release */,
			);
			defaultConfigurationIsVisible = 0;
			defaultConfigurationName = Release;
		};
		C00472CF1E1E5A88005FFCFB /* Build configuration list for PBXNativeTarget "RPS" */ = {
			isa = XCConfigurationList;
			buildConfigurations = (
				C00472D01E1E5A88005FFCFB /* Debug */,
				C00472D11E1E5A88005FFCFB /* Release */,
			);
			defaultConfigurationIsVisible = 0;
		};
/* End XCConfigurationList section */
	};
	rootObject = C00472B51E1E5A88005FFCFB /* Project object */;
}
